
Microsoft Visual Studio Solution File, Format Version 12.00
# Visual Studio Version 17
VisualStudioVersion = 17.9.34728.123
MinimumVisualStudioVersion = 10.0.40219.1
Project("{FAE04EC0-301F-11D3-BF4B-00C04F79EFBC}") = "db-videogames", "db-videogames\db-videogames.csproj", "{37A5E442-05FA-4DAD-B44F-2BD70A42F667}"
EndProject
Global
	GlobalSection(SolutionConfigurationPlatforms) = preSolution
		Debug|Any CPU = Debug|Any CPU
		Release|Any CPU = Release|Any CPU
	EndGlobalSection
	GlobalSection(ProjectConfigurationPlatforms) = postSolution
		{37A5E442-05FA-4DAD-B44F-2BD70A42F667}.Debug|Any CPU.ActiveCfg = Debug|Any CPU
		{37A5E442-05FA-4DAD-B44F-2BD70A42F667}.Debug|Any CPU.Build.0 = Debug|Any CPU
		{37A5E442-05FA-4DAD-B44F-2BD70A42F667}.Release|Any CPU.ActiveCfg = Release|Any CPU
		{37A5E442-05FA-4DAD-B44F-2BD70A42F667}.Release|Any CPU.Build.0 = Release|Any CPU
	EndGlobalSection
	GlobalSection(SolutionProperties) = preSolution
		HideSolutionNode = FALSE
	EndGlobalSection
	GlobalSection(ExtensibilityGlobals) = postSolution
		SolutionGuid = {FB257AE5-2A69-4759-841C-C47BA73F6CC7}
	EndGlobalSection
EndGlobal
